
Microsoft Visual Studio Solution File, Format Version 11.00
# Visual Studio 2010
Project("{FAE04EC0-301F-11D3-BF4B-00C04F79EFBC}") = "Oh No My Patio", "Assembly-CSharp.csproj", "{3071CABE-37B8-26D6-1400-11877D49E941}"
EndProject
Project("{FAE04EC0-301F-11D3-BF4B-00C04F79EFBC}") = "Oh No My Patio", "Assembly-CSharp-firstpass.csproj", "{78E5E369-BD28-3BAA-9975-9DCBE619480A}"
EndProject
Project("{FAE04EC0-301F-11D3-BF4B-00C04F79EFBC}") = "Oh No My Patio", "Assembly-CSharp-Editor.csproj", "{412264F5-D5CE-CD49-B236-D6A063FCB336}"
EndProject
Project("{FAE04EC0-301F-11D3-BF4B-00C04F79EFBC}") = "Oh No My Patio", "Assembly-CSharp-Editor-firstpass.csproj", "{C3FF60F0-DC5A-A030-64DF-5C6D95D98B2F}"
EndProject
Global
	GlobalSection(SolutionConfigurationPlatforms) = preSolution
		Debug|Any CPU = Debug|Any CPU
		Release|Any CPU = Release|Any CPU
	EndGlobalSection
	GlobalSection(ProjectConfigurationPlatforms) = postSolution
		{3071CABE-37B8-26D6-1400-11877D49E941}.Debug|Any CPU.ActiveCfg = Debug|Any CPU
		{3071CABE-37B8-26D6-1400-11877D49E941}.Debug|Any CPU.Build.0 = Debug|Any CPU
		{3071CABE-37B8-26D6-1400-11877D49E941}.Release|Any CPU.ActiveCfg = Release|Any CPU
		{3071CABE-37B8-26D6-1400-11877D49E941}.Release|Any CPU.Build.0 = Release|Any CPU
		{78E5E369-BD28-3BAA-9975-9DCBE619480A}.Debug|Any CPU.ActiveCfg = Debug|Any CPU
		{78E5E369-BD28-3BAA-9975-9DCBE619480A}.Debug|Any CPU.Build.0 = Debug|Any CPU
		{78E5E369-BD28-3BAA-9975-9DCBE619480A}.Release|Any CPU.ActiveCfg = Release|Any CPU
		{78E5E369-BD28-3BAA-9975-9DCBE619480A}.Release|Any CPU.Build.0 = Release|Any CPU
		{412264F5-D5CE-CD49-B236-D6A063FCB336}.Debug|Any CPU.ActiveCfg = Debug|Any CPU
		{412264F5-D5CE-CD49-B236-D6A063FCB336}.Debug|Any CPU.Build.0 = Debug|Any CPU
		{412264F5-D5CE-CD49-B236-D6A063FCB336}.Release|Any CPU.ActiveCfg = Release|Any CPU
		{412264F5-D5CE-CD49-B236-D6A063FCB336}.Release|Any CPU.Build.0 = Release|Any CPU
		{C3FF60F0-DC5A-A030-64DF-5C6D95D98B2F}.Debug|Any CPU.ActiveCfg = Debug|Any CPU
		{C3FF60F0-DC5A-A030-64DF-5C6D95D98B2F}.Debug|Any CPU.Build.0 = Debug|Any CPU
		{C3FF60F0-DC5A-A030-64DF-5C6D95D98B2F}.Release|Any CPU.ActiveCfg = Release|Any CPU
		{C3FF60F0-DC5A-A030-64DF-5C6D95D98B2F}.Release|Any CPU.Build.0 = Release|Any CPU
	EndGlobalSection
	GlobalSection(SolutionProperties) = preSolution
		HideSolutionNode = FALSE
	EndGlobalSection
	GlobalSection(MonoDevelopProperties) = preSolution
		StartupItem = Assembly-CSharp.csproj
	EndGlobalSection
EndGlobal
